PODS:
  - AcknowList (1.9.5)
  - ActionSheetPicker-3.0 (2.7.1)
  - ActiveLabel (1.1.0)
  - BulletinBoard (5.0.0)
  - IceCream (1.13.0):
    - RealmSwift
  - ImageViewer.swift (3.3.3)
  - LKAlertController (1.12.2)
  - Loaf (0.7.0)
  - Realm (10.7.0):
    - Realm/Headers (= 10.7.0)
  - Realm/Headers (10.7.0)
  - RealmSwift (10.7.0):
    - Realm (= 10.7.0)
  - Robin (0.90.0)
  - RSTextViewMaster (2.1.2)
  - UnderKeyboard (13.0.2)

DEPENDENCIES:
  - AcknowList
  - ActionSheetPicker-3.0 (from `https://github.com/skywinder/ActionSheetPicker-3.0`)
  - ActiveLabel
  - BulletinBoard
  - IceCream (from `https://github.com/rursache/IceCream.git`)
  - ImageViewer.swift
  - LKAlertController
  - Loaf
  - Realm
  - RealmSwift
  - Robin
  - RSTextViewMaster
  - UnderKeyboard

SPEC REPOS:
  trunk:
    - AcknowList
    - ActiveLabel
    - BulletinBoard
    - ImageViewer.swift
    - LKAlertController
    - Loaf
    - Realm
    - RealmSwift
    - Robin
    - RSTextViewMaster
    - UnderKeyboard

EXTERNAL SOURCES:
  ActionSheetPicker-3.0:
    :git: https://github.com/skywinder/ActionSheetPicker-3.0
  IceCream:
    :git: https://github.com/rursache/IceCream.git

CHECKOUT OPTIONS:
  ActionSheetPicker-3.0:
    :commit: e0f58d81896bf6e7857f9edc41ab3fcb6ef4629e
    :git: https://github.com/skywinder/ActionSheetPicker-3.0
  IceCream:
    :commit: 398749b546d64c7cf6fd49ce853538a868ca6807
    :git: https://github.com/rursache/IceCream.git

SPEC CHECKSUMS:
  AcknowList: 485f0e0da8ff7d5aaa8fb54bbff1da1f065e496c
  ActionSheetPicker-3.0: 36da254b97a09ff89679ecb8b8510bd3e5bdc773
  ActiveLabel: 5e3f4de79a1952d4604b845a0610d4776e4b82b3
  BulletinBoard: dba77053c2a7b64953f63073f7534165af2edd21
  IceCream: 1689e1952bd526922293c283a5938e8183e9e177
  ImageViewer.swift: 3dbb74a68ac4bdd6cdd585b3128dae17ccd733e5
  LKAlertController: 10c7e8627e5d4757d03b4f53469f35ded14c378f
  Loaf: d69937cd00649f3fa260beb8b7aef0a1feb861ef
  Realm: a03c41a3afbda6c197ba4dfba5428b8b54cc2df4
  RealmSwift: 5e7abc842276d7fabd386e67afbf3efde54eb1c6
  Robin: 76ee2e1340651fe4a83c4f39e73fa2c852bc4bef
  RSTextViewMaster: 21b31d2c702b062cfcc4ead4fca0643e9d4a638f
  UnderKeyboard: 79ea6feb497af99c1856aaae0ab8ded3c739f745

PODFILE CHECKSUM: 1c3e6be2deb52002574643e99e734448d3356064

COCOAPODS: 1.10.1
